
Microsoft Visual Studio Solution File, Format Version 12.00
# Visual Studio 2013
VisualStudioVersion = 12.0.21005.1
MinimumVisualStudioVersion = 10.0.40219.1
Project("{FAE04EC0-301F-11D3-BF4B-00C04F79EFBC}") = "01.SumOfThree", "01.SumOfThree\01.SumOfThree.csproj", "{4CE07561-3138-4660-9248-40349F2F83C3}"
EndProject
Project("{FAE04EC0-301F-11D3-BF4B-00C04F79EFBC}") = "02.PrintCompanyInfo", "02.PrintCompanyInfo\02.PrintCompanyInfo.csproj", "{FF065F2A-6D4B-4411-BB81-738BF6C4E417}"
EndProject
Project("{FAE04EC0-301F-11D3-BF4B-00C04F79EFBC}") = "03.CirclePerimeterAndArea", "03.CirclePerimeterAndArea\03.CirclePerimeterAndArea.csproj", "{1E641CA4-97DA-4DD2-A876-F301AF9E888C}"
EndProject
Project("{FAE04EC0-301F-11D3-BF4B-00C04F79EFBC}") = "04.NumberComparer", "04.NumberComparer\04.NumberComparer.csproj", "{BD18CEA4-9699-4415-AA03-210E9FCCDE1A}"
EndProject
Project("{FAE04EC0-301F-11D3-BF4B-00C04F79EFBC}") = "05.FormattingNumbers", "05.FormattingNumbers\05.FormattingNumbers.csproj", "{ED39DFF4-A626-445D-B9E4-4A5E43D9D0A3}"
EndProject
Project("{FAE04EC0-301F-11D3-BF4B-00C04F79EFBC}") = "06.QuadraticEquation", "06.QuadraticEquation\06.QuadraticEquation.csproj", "{83E2C7BC-60E7-41E9-A0F4-345607F522F3}"
EndProject
Project("{FAE04EC0-301F-11D3-BF4B-00C04F79EFBC}") = "07.SumOfFive", "07.SumOfFive\07.SumOfFive.csproj", "{0B632331-4C1B-480E-9FDA-0AED93146CEB}"
EndProject
Project("{FAE04EC0-301F-11D3-BF4B-00C04F79EFBC}") = "08.PrintOneToN", "08.PrintOneToN\08.PrintOneToN.csproj", "{8152EB7E-FC01-4276-8A95-A0418BC0CD2A}"
EndProject
Project("{FAE04EC0-301F-11D3-BF4B-00C04F79EFBC}") = "09.SumOfN", "09.SumOfN\09.SumOfN.csproj", "{1DEDE5F4-B099-43B4-B0EF-98650353EFC9}"
EndProject
Project("{FAE04EC0-301F-11D3-BF4B-00C04F79EFBC}") = "10.FibbonaciNumbers", "10.FibbonaciNumbers\10.FibbonaciNumbers.csproj", "{761A9DDC-CC7E-4D5A-B832-5B6E71B875D0}"
EndProject
Project("{FAE04EC0-301F-11D3-BF4B-00C04F79EFBC}") = "11.NumbersInIntervalDivisibleByFive", "11.NumbersInIntervalDivisibleByFive\11.NumbersInIntervalDivisibleByFive.csproj", "{7D24A1DD-825A-49CB-9238-E360F05CEDB5}"
EndProject
Project("{FAE04EC0-301F-11D3-BF4B-00C04F79EFBC}") = "12.FallingRocks", "12.FallingRocks\12.FallingRocks.csproj", "{1ACCC8AB-A9B1-43D9-9FA3-C30CCBC104DC}"
EndProject
Project("{FAE04EC0-301F-11D3-BF4B-00C04F79EFBC}") = "13.WorkHours", "13.WorkHours\13.WorkHours.csproj", "{6C8A4053-9FC8-4C96-BA4E-7320302584D1}"
EndProject
Project("{FAE04EC0-301F-11D3-BF4B-00C04F79EFBC}") = "14.SumOfElements", "14.SumOfElements\14.SumOfElements.csproj", "{DD5C43EE-A754-42F7-979C-C243A2E6D179}"
EndProject
Project("{FAE04EC0-301F-11D3-BF4B-00C04F79EFBC}") = "15.NewHouse", "15.NewHouse\15.NewHouse.csproj", "{1FC09EDF-D97C-4975-A450-14BD0E4B202D}"
EndProject
Project("{FAE04EC0-301F-11D3-BF4B-00C04F79EFBC}") = "16.MagicStrings", "16.MagicStrings\16.MagicStrings.csproj", "{AB5C851F-F0B8-4136-BF4B-70FEBA3E7694}"
EndProject
Project("{FAE04EC0-301F-11D3-BF4B-00C04F79EFBC}") = "17.CatchTheBits", "17.CatchTheBits\17.CatchTheBits.csproj", "{1CCC5ECA-0013-49BB-8EBB-80F9B014263E}"
EndProject
Global
	GlobalSection(SolutionConfigurationPlatforms) = preSolution
		Debug|Any CPU = Debug|Any CPU
		Release|Any CPU = Release|Any CPU
	EndGlobalSection
	GlobalSection(ProjectConfigurationPlatforms) = postSolution
		{4CE07561-3138-4660-9248-40349F2F83C3}.Debug|Any CPU.ActiveCfg = Debug|Any CPU
		{4CE07561-3138-4660-9248-40349F2F83C3}.Debug|Any CPU.Build.0 = Debug|Any CPU
		{4CE07561-3138-4660-9248-40349F2F83C3}.Release|Any CPU.ActiveCfg = Release|Any CPU
		{4CE07561-3138-4660-9248-40349F2F83C3}.Release|Any CPU.Build.0 = Release|Any CPU
		{FF065F2A-6D4B-4411-BB81-738BF6C4E417}.Debug|Any CPU.ActiveCfg = Debug|Any CPU
		{FF065F2A-6D4B-4411-BB81-738BF6C4E417}.Debug|Any CPU.Build.0 = Debug|Any CPU
		{FF065F2A-6D4B-4411-BB81-738BF6C4E417}.Release|Any CPU.ActiveCfg = Release|Any CPU
		{FF065F2A-6D4B-4411-BB81-738BF6C4E417}.Release|Any CPU.Build.0 = Release|Any CPU
		{1E641CA4-97DA-4DD2-A876-F301AF9E888C}.Debug|Any CPU.ActiveCfg = Debug|Any CPU
		{1E641CA4-97DA-4DD2-A876-F301AF9E888C}.Debug|Any CPU.Build.0 = Debug|Any CPU
		{1E641CA4-97DA-4DD2-A876-F301AF9E888C}.Release|Any CPU.ActiveCfg = Release|Any CPU
		{1E641CA4-97DA-4DD2-A876-F301AF9E888C}.Release|Any CPU.Build.0 = Release|Any CPU
		{BD18CEA4-9699-4415-AA03-210E9FCCDE1A}.Debug|Any CPU.ActiveCfg = Debug|Any CPU
		{BD18CEA4-9699-4415-AA03-210E9FCCDE1A}.Debug|Any CPU.Build.0 = Debug|Any CPU
		{BD18CEA4-9699-4415-AA03-210E9FCCDE1A}.Release|Any CPU.ActiveCfg = Release|Any CPU
		{BD18CEA4-9699-4415-AA03-210E9FCCDE1A}.Release|Any CPU.Build.0 = Release|Any CPU
		{ED39DFF4-A626-445D-B9E4-4A5E43D9D0A3}.Debug|Any CPU.ActiveCfg = Debug|Any CPU
		{ED39DFF4-A626-445D-B9E4-4A5E43D9D0A3}.Debug|Any CPU.Build.0 = Debug|Any CPU
		{ED39DFF4-A626-445D-B9E4-4A5E43D9D0A3}.Release|Any CPU.ActiveCfg = Release|Any CPU
		{ED39DFF4-A626-445D-B9E4-4A5E43D9D0A3}.Release|Any CPU.Build.0 = Release|Any CPU
		{83E2C7BC-60E7-41E9-A0F4-345607F522F3}.Debug|Any CPU.ActiveCfg = Debug|Any CPU
		{83E2C7BC-60E7-41E9-A0F4-345607F522F3}.Debug|Any CPU.Build.0 = Debug|Any CPU
		{83E2C7BC-60E7-41E9-A0F4-345607F522F3}.Release|Any CPU.ActiveCfg = Release|Any CPU
		{83E2C7BC-60E7-41E9-A0F4-345607F522F3}.Release|Any CPU.Build.0 = Release|Any CPU
		{0B632331-4C1B-480E-9FDA-0AED93146CEB}.Debug|Any CPU.ActiveCfg = Debug|Any CPU
		{0B632331-4C1B-480E-9FDA-0AED93146CEB}.Debug|Any CPU.Build.0 = Debug|Any CPU
		{0B632331-4C1B-480E-9FDA-0AED93146CEB}.Release|Any CPU.ActiveCfg = Release|Any CPU
		{0B632331-4C1B-480E-9FDA-0AED93146CEB}.Release|Any CPU.Build.0 = Release|Any CPU
		{8152EB7E-FC01-4276-8A95-A0418BC0CD2A}.Debug|Any CPU.ActiveCfg = Debug|Any CPU
		{8152EB7E-FC01-4276-8A95-A0418BC0CD2A}.Debug|Any CPU.Build.0 = Debug|Any CPU
		{8152EB7E-FC01-4276-8A95-A0418BC0CD2A}.Release|Any CPU.ActiveCfg = Release|Any CPU
		{8152EB7E-FC01-4276-8A95-A0418BC0CD2A}.Release|Any CPU.Build.0 = Release|Any CPU
		{1DEDE5F4-B099-43B4-B0EF-98650353EFC9}.Debug|Any CPU.ActiveCfg = Debug|Any CPU
		{1DEDE5F4-B099-43B4-B0EF-98650353EFC9}.Debug|Any CPU.Build.0 = Debug|Any CPU
		{1DEDE5F4-B099-43B4-B0EF-98650353EFC9}.Release|Any CPU.ActiveCfg = Release|Any CPU
		{1DEDE5F4-B099-43B4-B0EF-98650353EFC9}.Release|Any CPU.Build.0 = Release|Any CPU
		{761A9DDC-CC7E-4D5A-B832-5B6E71B875D0}.Debug|Any CPU.ActiveCfg = Debug|Any CPU
		{761A9DDC-CC7E-4D5A-B832-5B6E71B875D0}.Debug|Any CPU.Build.0 = Debug|Any CPU
		{761A9DDC-CC7E-4D5A-B832-5B6E71B875D0}.Release|Any CPU.ActiveCfg = Release|Any CPU
		{761A9DDC-CC7E-4D5A-B832-5B6E71B875D0}.Release|Any CPU.Build.0 = Release|Any CPU
		{7D24A1DD-825A-49CB-9238-E360F05CEDB5}.Debug|Any CPU.ActiveCfg = Debug|Any CPU
		{7D24A1DD-825A-49CB-9238-E360F05CEDB5}.Debug|Any CPU.Build.0 = Debug|Any CPU
		{7D24A1DD-825A-49CB-9238-E360F05CEDB5}.Release|Any CPU.ActiveCfg = Release|Any CPU
		{7D24A1DD-825A-49CB-9238-E360F05CEDB5}.Release|Any CPU.Build.0 = Release|Any CPU
		{1ACCC8AB-A9B1-43D9-9FA3-C30CCBC104DC}.Debug|Any CPU.ActiveCfg = Debug|Any CPU
		{1ACCC8AB-A9B1-43D9-9FA3-C30CCBC104DC}.Debug|Any CPU.Build.0 = Debug|Any CPU
		{1ACCC8AB-A9B1-43D9-9FA3-C30CCBC104DC}.Release|Any CPU.ActiveCfg = Release|Any CPU
		{1ACCC8AB-A9B1-43D9-9FA3-C30CCBC104DC}.Release|Any CPU.Build.0 = Release|Any CPU
		{6C8A4053-9FC8-4C96-BA4E-7320302584D1}.Debug|Any CPU.ActiveCfg = Debug|Any CPU
		{6C8A4053-9FC8-4C96-BA4E-7320302584D1}.Debug|Any CPU.Build.0 = Debug|Any CPU
		{6C8A4053-9FC8-4C96-BA4E-7320302584D1}.Release|Any CPU.ActiveCfg = Release|Any CPU
		{6C8A4053-9FC8-4C96-BA4E-7320302584D1}.Release|Any CPU.Build.0 = Release|Any CPU
		{DD5C43EE-A754-42F7-979C-C243A2E6D179}.Debug|Any CPU.ActiveCfg = Debug|Any CPU
		{DD5C43EE-A754-42F7-979C-C243A2E6D179}.Debug|Any CPU.Build.0 = Debug|Any CPU
		{DD5C43EE-A754-42F7-979C-C243A2E6D179}.Release|Any CPU.ActiveCfg = Release|Any CPU
		{DD5C43EE-A754-42F7-979C-C243A2E6D179}.Release|Any CPU.Build.0 = Release|Any CPU
		{1FC09EDF-D97C-4975-A450-14BD0E4B202D}.Debug|Any CPU.ActiveCfg = Debug|Any CPU
		{1FC09EDF-D97C-4975-A450-14BD0E4B202D}.Debug|Any CPU.Build.0 = Debug|Any CPU
		{1FC09EDF-D97C-4975-A450-14BD0E4B202D}.Release|Any CPU.ActiveCfg = Release|Any CPU
		{1FC09EDF-D97C-4975-A450-14BD0E4B202D}.Release|Any CPU.Build.0 = Release|Any CPU
		{AB5C851F-F0B8-4136-BF4B-70FEBA3E7694}.Debug|Any CPU.ActiveCfg = Debug|Any CPU
		{AB5C851F-F0B8-4136-BF4B-70FEBA3E7694}.Debug|Any CPU.Build.0 = Debug|Any CPU
		{AB5C851F-F0B8-4136-BF4B-70FEBA3E7694}.Release|Any CPU.ActiveCfg = Release|Any CPU
		{AB5C851F-F0B8-4136-BF4B-70FEBA3E7694}.Release|Any CPU.Build.0 = Release|Any CPU
		{1CCC5ECA-0013-49BB-8EBB-80F9B014263E}.Debug|Any CPU.ActiveCfg = Debug|Any CPU
		{1CCC5ECA-0013-49BB-8EBB-80F9B014263E}.Debug|Any CPU.Build.0 = Debug|Any CPU
		{1CCC5ECA-0013-49BB-8EBB-80F9B014263E}.Release|Any CPU.ActiveCfg = Release|Any CPU
		{1CCC5ECA-0013-49BB-8EBB-80F9B014263E}.Release|Any CPU.Build.0 = Release|Any CPU
	EndGlobalSection
	GlobalSection(SolutionProperties) = preSolution
		HideSolutionNode = FALSE
	EndGlobalSection
EndGlobal
